{
  "name": "static",
  "lockfileVersion": 2,
  "requires": true,
  "packages": {
    "": {
      "dependencies": {
        "@upload-io/jquery-uploader": "^3.5.1",
        "jquery": "^3.6.3"
      }
    },
    "node_modules/@upload-io/jquery-uploader": {
      "version": "3.5.1",
      "resolved": "https://registry.npmjs.org/@upload-io/jquery-uploader/-/jquery-uploader-3.5.1.tgz",
      "integrity": "sha512-x/dWWx0q+OIeFNXKTUb/+bx7z0NUtiyVf+jxxPV31tnRK99xFF41HkaiLZiNjJMgYaCGZ0jVUaL51HHaFoYuUQ==",
      "dependencies": {
        "uploader": "^3.3.0"
      },
      "peerDependencies": {
        "jquery": "3.6.0"
      }
    },
    "node_modules/@upload-io/upload-api-client-upload-js": {
      "version": "2.15.0",
      "resolved": "https://registry.npmjs.org/@upload-io/upload-api-client-upload-js/-/upload-api-client-upload-js-2.15.0.tgz",
      "integrity": "sha512-UGqT4wxCDhTTKnTLvqtKCyPJSswA2z6/Z6/sMakWGdJBBuwCHcOyXgoWafbPILrgWp3oMMQjnTfwwMBmR0O54w=="
    },
    "node_modules/classnames": {
      "version": "2.3.2",
      "resolved": "https://registry.npmjs.org/classnames/-/classnames-2.3.2.tgz",
      "integrity": "sha512-CSbhY4cFEJRe6/GQzIk5qXZ4Jeg5pcsP7b5peFSDpffpe1cqjASH/n9UTjBwOp6XpMSTwQ8Za2K5V02ueA7Tmw=="
    },
    "node_modules/jquery": {
      "version": "3.6.3",
      "resolved": "https://registry.npmjs.org/jquery/-/jquery-3.6.3.tgz",
      "integrity": "sha512-bZ5Sy3YzKo9Fyc8wH2iIQK4JImJ6R0GWI9kL1/k7Z91ZBNgkRXE6U0JfHIizZbort8ZunhSI3jw9I6253ahKfg=="
    },
    "node_modules/preact": {
      "version": "10.12.1",
      "resolved": "https://registry.npmjs.org/preact/-/preact-10.12.1.tgz",
      "integrity": "sha512-l8386ixSsBdbreOAkqtrwqHwdvR35ID8c3rKPa8lCWuO86dBi32QWHV4vfsZK1utLLFMvw+Z5Ad4XLkZzchscg==",
      "funding": {
        "type": "opencollective",
        "url": "https://opencollective.com/preact"
      }
    },
    "node_modules/progress-smoother": {
      "version": "1.4.0",
      "resolved": "https://registry.npmjs.org/progress-smoother/-/progress-smoother-1.4.0.tgz",
      "integrity": "sha512-ctIG/KF/3DQ1zQHMWbXjcnicggTsEzZEA2JEnJNrPtK88tmqN9cfQf01yfLWGCBF93R5XN1EUe/z/IV5NKrmCw=="
    },
    "node_modules/upload-js": {
      "version": "2.10.2",
      "resolved": "https://registry.npmjs.org/upload-js/-/upload-js-2.10.2.tgz",
      "integrity": "sha512-4YUgN/jcqelYvOWjYYbIEdZi/lwrsZPMiyseVAHks7MOxbbOZx91HZEYIOVQeXw+b3XD5Y38YmZWXhP6Zi02dA==",
      "dependencies": {
        "@upload-io/upload-api-client-upload-js": "^2.15.0",
        "progress-smoother": "^1.4.0"
      }
    },
    "node_modules/uploader": {
      "version": "3.4.2",
      "resolved": "https://registry.npmjs.org/uploader/-/uploader-3.4.2.tgz",
      "integrity": "sha512-+3VWzZkuwxjWON0C9WvE/7DMKGvIbhhgx6y/UM6f/2fMHiMQQ7OG5YREqoCKCdt8eagacpNGyMjrvs5mHfVvHQ==",
      "dependencies": {
        "classnames": "^2.2.6",
        "preact": "^10.6.5",
        "upload-js": "^2.9.0"
      }
    }
  },
  "dependencies": {
    "@upload-io/jquery-uploader": {
      "version": "3.5.1",
      "resolved": "https://registry.npmjs.org/@upload-io/jquery-uploader/-/jquery-uploader-3.5.1.tgz",
      "integrity": "sha512-x/dWWx0q+OIeFNXKTUb/+bx7z0NUtiyVf+jxxPV31tnRK99xFF41HkaiLZiNjJMgYaCGZ0jVUaL51HHaFoYuUQ==",
      "requires": {
        "uploader": "^3.3.0"
      }
    },
    "@upload-io/upload-api-client-upload-js": {
      "version": "2.15.0",
      "resolved": "https://registry.npmjs.org/@upload-io/upload-api-client-upload-js/-/upload-api-client-upload-js-2.15.0.tgz",
      "integrity": "sha512-UGqT4wxCDhTTKnTLvqtKCyPJSswA2z6/Z6/sMakWGdJBBuwCHcOyXgoWafbPILrgWp3oMMQjnTfwwMBmR0O54w=="
    },
    "classnames": {
      "version": "2.3.2",
      "resolved": "https://registry.npmjs.org/classnames/-/classnames-2.3.2.tgz",
      "integrity": "sha512-CSbhY4cFEJRe6/GQzIk5qXZ4Jeg5pcsP7b5peFSDpffpe1cqjASH/n9UTjBwOp6XpMSTwQ8Za2K5V02ueA7Tmw=="
    },
    "jquery": {
      "version": "3.6.3",
      "resolved": "https://registry.npmjs.org/jquery/-/jquery-3.6.3.tgz",
      "integrity": "sha512-bZ5Sy3YzKo9Fyc8wH2iIQK4JImJ6R0GWI9kL1/k7Z91ZBNgkRXE6U0JfHIizZbort8ZunhSI3jw9I6253ahKfg=="
    },
    "preact": {
      "version": "10.12.1",
      "resolved": "https://registry.npmjs.org/preact/-/preact-10.12.1.tgz",
      "integrity": "sha512-l8386ixSsBdbreOAkqtrwqHwdvR35ID8c3rKPa8lCWuO86dBi32QWHV4vfsZK1utLLFMvw+Z5Ad4XLkZzchscg=="
    },
    "progress-smoother": {
      "version": "1.4.0",
      "resolved": "https://registry.npmjs.org/progress-smoother/-/progress-smoother-1.4.0.tgz",
      "integrity": "sha512-ctIG/KF/3DQ1zQHMWbXjcnicggTsEzZEA2JEnJNrPtK88tmqN9cfQf01yfLWGCBF93R5XN1EUe/z/IV5NKrmCw=="
    },
    "upload-js": {
      "version": "2.10.2",
      "resolved": "https://registry.npmjs.org/upload-js/-/upload-js-2.10.2.tgz",
      "integrity": "sha512-4YUgN/jcqelYvOWjYYbIEdZi/lwrsZPMiyseVAHks7MOxbbOZx91HZEYIOVQeXw+b3XD5Y38YmZWXhP6Zi02dA==",
      "requires": {
        "@upload-io/upload-api-client-upload-js": "^2.15.0",
        "progress-smoother": "^1.4.0"
      }
    },
    "uploader": {
      "version": "3.4.2",
      "resolved": "https://registry.npmjs.org/uploader/-/uploader-3.4.2.tgz",
      "integrity": "sha512-+3VWzZkuwxjWON0C9WvE/7DMKGvIbhhgx6y/UM6f/2fMHiMQQ7OG5YREqoCKCdt8eagacpNGyMjrvs5mHfVvHQ==",
      "requires": {
        "classnames": "^2.2.6",
        "preact": "^10.6.5",
        "upload-js": "^2.9.0"
      }
    }
  }
}
